
Microsoft Visual Studio Solution File, Format Version 12.00
# Visual Studio Version 16
VisualStudioVersion = 16.0.30204.135
MinimumVisualStudioVersion = 10.0.40219.1
Project("{FAE04EC0-301F-11D3-BF4B-00C04F79EFBC}") = "CefMap", "CefMap.csproj", "{9FD5C9EB-DEF0-46D5-B660-A15431ABB92E}"
EndProject
Global
	GlobalSection(SolutionConfigurationPlatforms) = preSolution
		Debug|Any CPU = Debug|Any CPU
		Debug|x64 = Debug|x64
		Release|Any CPU = Release|Any CPU
		Release|x64 = Release|x64
	EndGlobalSection
	GlobalSection(ProjectConfigurationPlatforms) = postSolution
		{9FD5C9EB-DEF0-46D5-B660-A15431ABB92E}.Debug|Any CPU.ActiveCfg = Debug|Any CPU
		{9FD5C9EB-DEF0-46D5-B660-A15431ABB92E}.Debug|Any CPU.Build.0 = Debug|Any CPU
		{9FD5C9EB-DEF0-46D5-B660-A15431ABB92E}.Debug|x64.ActiveCfg = Debug|Any CPU
		{9FD5C9EB-DEF0-46D5-B660-A15431ABB92E}.Debug|x64.Build.0 = Debug|Any CPU
		{9FD5C9EB-DEF0-46D5-B660-A15431ABB92E}.Release|Any CPU.ActiveCfg = Release|Any CPU
		{9FD5C9EB-DEF0-46D5-B660-A15431ABB92E}.Release|Any CPU.Build.0 = Release|Any CPU
		{9FD5C9EB-DEF0-46D5-B660-A15431ABB92E}.Release|x64.ActiveCfg = Release|Any CPU
		{9FD5C9EB-DEF0-46D5-B660-A15431ABB92E}.Release|x64.Build.0 = Release|Any CPU
	EndGlobalSection
	GlobalSection(SolutionProperties) = preSolution
		HideSolutionNode = FALSE
	EndGlobalSection
	GlobalSection(ExtensibilityGlobals) = postSolution
		SolutionGuid = {309A9EAC-485F-4326-AB18-B57636095CEA}
	EndGlobalSection
EndGlobal
